
Microsoft Visual Studio Solution File, Format Version 12.00
# Visual Studio Version 17
VisualStudioVersion = 17.0.31919.166
MinimumVisualStudioVersion = 10.0.40219.1
Project("{9A19103F-16F7-4668-BE54-9A1E7A4F7556}") = "Catalyst", "Catalyst\Catalyst.csproj", "{F9C7C827-7264-40FD-881E-EAA8909C1539}"
EndProject
Project("{2150E333-8FDC-42A3-9474-1A3956D46DE8}") = "Solution Items", "Solution Items", "{EC932DBE-7E41-404E-8805-11ED7C0C68CB}"
	ProjectSection(SolutionItems) = preProject
		LICENSE = LICENSE
		README.md = README.md
	EndProjectSection
EndProject
Global
	GlobalSection(SolutionConfigurationPlatforms) = preSolution
		Debug|Any CPU = Debug|Any CPU
		Release|Any CPU = Release|Any CPU
	EndGlobalSection
	GlobalSection(ProjectConfigurationPlatforms) = postSolution
		{F9C7C827-7264-40FD-881E-EAA8909C1539}.Debug|Any CPU.ActiveCfg = Debug|Any CPU
		{F9C7C827-7264-40FD-881E-EAA8909C1539}.Debug|Any CPU.Build.0 = Debug|Any CPU
		{F9C7C827-7264-40FD-881E-EAA8909C1539}.Release|Any CPU.ActiveCfg = Release|Any CPU
		{F9C7C827-7264-40FD-881E-EAA8909C1539}.Release|Any CPU.Build.0 = Release|Any CPU
	EndGlobalSection
	GlobalSection(SolutionProperties) = preSolution
		HideSolutionNode = FALSE
	EndGlobalSection
	GlobalSection(ExtensibilityGlobals) = postSolution
		SolutionGuid = {37F00944-7AAA-4F64-B39A-B33FB0545CB9}
	EndGlobalSection
EndGlobal
